PODS:
  - FacebookLikeReaction (0.1.0)

DEPENDENCIES:
  - FacebookLikeReaction (from `../`)

EXTERNAL SOURCES:
  FacebookLikeReaction:
    :path: "../"

SPEC CHECKSUMS:
  FacebookLikeReaction: 20eb0a24018c703d8dd1cca4b50aa4502ea08855

PODFILE CHECKSUM: 8a5d47e614b03a607463ff5c7e9658c79dc74b06

COCOAPODS: 1.9.0.beta.3
